
Microsoft Visual Studio Solution File, Format Version 12.00
Project("{FAE04EC0-301F-11D3-BF4B-00C04F79EFBC}") = "TrackWithCustomHeaders", "TrackWithCustomHeaders.csproj", "{39D193A6-8AC7-42F7-B444-61B8964020D1}"
EndProject
Global
	GlobalSection(SolutionConfigurationPlatforms) = preSolution
		Debug|Any CPU = Debug|Any CPU
		Release|Any CPU = Release|Any CPU
	EndGlobalSection
	GlobalSection(ProjectConfigurationPlatforms) = postSolution
		{39D193A6-8AC7-42F7-B444-61B8964020D1}.Debug|Any CPU.ActiveCfg = Debug|Any CPU
		{39D193A6-8AC7-42F7-B444-61B8964020D1}.Debug|Any CPU.Build.0 = Debug|Any CPU
		{39D193A6-8AC7-42F7-B444-61B8964020D1}.Release|Any CPU.ActiveCfg = Release|Any CPU
		{39D193A6-8AC7-42F7-B444-61B8964020D1}.Release|Any CPU.Build.0 = Release|Any CPU
	EndGlobalSection
EndGlobal
